<?xml version="1.0" encoding="utf-8"?>
<Project ToolsVersion="4.0" xmlns="http://schemas.microsoft.com/developer/msbuild/2003">
  <ItemGroup>
    <Filter Include="소스 파일">
      <UniqueIdentifier>{4FC737F1-C7A5-4376-A066-2A32D752A2FF}</UniqueIdentifier>
      <Extensions>cpp;c;cc;cxx;c++;cppm;ixx;def;odl;idl;hpj;bat;asm;asmx</Extensions>
    </Filter>
    <Filter Include="헤더 파일">
      <UniqueIdentifier>{93995380-89BD-4b04-88EB-625FBE52EBFB}</UniqueIdentifier>
      <Extensions>h;hh;hpp;hxx;h++;hm;inl;inc;ipp;xsd</Extensions>
    </Filter>
    <Filter Include="리소스 파일">
      <UniqueIdentifier>{67DA6AB6-F800-4c08-8B7A-83BB121AAD01}</UniqueIdentifier>
      <Extensions>rc;ico;cur;bmp;dlg;rc2;rct;bin;rgs;gif;jpg;jpeg;jpe;resx;tiff;tif;png;wav;mfcribbon-ms</Extensions>
    </Filter>
    <Filter Include="소스 파일\조합론">
      <UniqueIdentifier>{1091b310-4a45-4e30-ba1b-aff6eade0885}</UniqueIdentifier>
    </Filter>
    <Filter Include="소스 파일\조합론\solved">
      <UniqueIdentifier>{3b7d1eb1-2f70-44ee-8905-70000966fc63}</UniqueIdentifier>
    </Filter>
    <Filter Include="소스 파일\조합론\solving">
      <UniqueIdentifier>{61e41c5c-77b2-4411-9515-14d963040ddd}</UniqueIdentifier>
    </Filter>
    <Filter Include="소스 파일\기초알고리즘프로그래밍">
      <UniqueIdentifier>{ed004cef-28d4-4496-86f8-f30a95cf6a43}</UniqueIdentifier>
    </Filter>
    <Filter Include="소스 파일\기초알고리즘프로그래밍\solved">
      <UniqueIdentifier>{1f54f0ad-7fb5-44e5-bd99-30d34694f929}</UniqueIdentifier>
    </Filter>
    <Filter Include="소스 파일\기초알고리즘프로그래밍\solving">
      <UniqueIdentifier>{ec8bfd12-e856-4275-a0a0-449225b563b7}</UniqueIdentifier>
    </Filter>
    <Filter Include="소스 파일\SWExpertAcademy">
      <UniqueIdentifier>{cd8058ed-7b5d-402f-a7e7-612becffa4a0}</UniqueIdentifier>
    </Filter>
    <Filter Include="소스 파일\SWExpertAcademy\Desolved">
      <UniqueIdentifier>{5c6e0e2a-972e-4765-816b-b8f51910bf98}</UniqueIdentifier>
    </Filter>
    <Filter Include="소스 파일\SWExpertAcademy\Upload_Tistory">
      <UniqueIdentifier>{f29b2b44-9395-4b30-bc52-0a5ae279319d}</UniqueIdentifier>
    </Filter>
  </ItemGroup>
  <ItemGroup>
    <ClCompile Include="조합론_1.cpp">
      <Filter>소스 파일\조합론\solving</Filter>
    </ClCompile>
    <ClCompile Include="조합론_2.cpp">
      <Filter>소스 파일\조합론\solved</Filter>
    </ClCompile>
    <ClCompile Include="조합론_3.cpp">
      <Filter>소스 파일\조합론</Filter>
    </ClCompile>
    <ClCompile Include="조합론_4.cpp">
      <Filter>소스 파일\조합론</Filter>
    </ClCompile>
    <ClCompile Include="기초알고리즘프로그래밍_1.cpp">
      <Filter>소스 파일\기초알고리즘프로그래밍\solving</Filter>
    </ClCompile>
    <ClCompile Include="기초알고리즘프로그래밍_2.cpp">
      <Filter>소스 파일\기초알고리즘프로그래밍\solving</Filter>
    </ClCompile>
    <ClCompile Include="기초알고리즘프로그래밍_3.cpp">
      <Filter>소스 파일\기초알고리즘프로그래밍\solving</Filter>
    </ClCompile>
    <ClCompile Include="기초알고리즘프로그래밍_4.cpp">
      <Filter>소스 파일\기초알고리즘프로그래밍\solving</Filter>
    </ClCompile>
    <ClCompile Include="기초알고리즘프로그래밍_5.cpp">
      <Filter>소스 파일\기초알고리즘프로그래밍\solving</Filter>
    </ClCompile>
    <ClCompile Include="sample.cpp">
      <Filter>소스 파일</Filter>
    </ClCompile>
    <ClCompile Include="1928_Base64 Decoder.cpp">
      <Filter>소스 파일\SWExpertAcademy\Desolved</Filter>
    </ClCompile>
    <ClCompile Include="1225_암호생성기.cpp">
      <Filter>소스 파일\SWExpertAcademy\Upload_Tistory</Filter>
    </ClCompile>
    <ClCompile Include="1284_수도 요금 경쟁.cpp">
      <Filter>소스 파일\SWExpertAcademy\Upload_Tistory</Filter>
    </ClCompile>
    <ClCompile Include="1288_새로운 불면증 치료법.cpp">
      <Filter>소스 파일\SWExpertAcademy\Upload_Tistory</Filter>
    </ClCompile>
    <ClCompile Include="1289_원재의 메모리 복구하기.cpp">
      <Filter>소스 파일\SWExpertAcademy\Upload_Tistory</Filter>
    </ClCompile>
    <ClCompile Include="1945_간단한 소인수분해.cpp">
      <Filter>소스 파일\SWExpertAcademy\Upload_Tistory</Filter>
    </ClCompile>
    <ClCompile Include="1986_지그재그 숫자.cpp">
      <Filter>소스 파일\SWExpertAcademy\Upload_Tistory</Filter>
    </ClCompile>
    <ClCompile Include="4406_모음이 보이지 않는 사람.cpp">
      <Filter>소스 파일\SWExpertAcademy\Upload_Tistory</Filter>
    </ClCompile>
    <ClCompile Include="5215_햄버거 다이어트.cpp">
      <Filter>소스 파일\SWExpertAcademy\Upload_Tistory</Filter>
    </ClCompile>
    <ClCompile Include="6730_장애물 경주 난이도.cpp">
      <Filter>소스 파일\SWExpertAcademy\Upload_Tistory</Filter>
    </ClCompile>
    <ClCompile Include="9997_미니멀리즘 시계.cpp">
      <Filter>소스 파일\SWExpertAcademy\Upload_Tistory</Filter>
    </ClCompile>
    <ClCompile Include="10505_소득 불균형.cpp">
      <Filter>소스 파일\SWExpertAcademy</Filter>
    </ClCompile>
    <ClCompile Include="1989_초심자의 회문 검사.cpp">
      <Filter>소스 파일\SWExpertAcademy</Filter>
    </ClCompile>
    <ClCompile Include="1220_Magnetic.cpp">
      <Filter>소스 파일\SWExpertAcademy</Filter>
    </ClCompile>
  </ItemGroup>
  <ItemGroup>
    <Text Include="input.txt">
      <Filter>소스 파일</Filter>
    </Text>
  </ItemGroup>
</Project>